packages:
  device_base: "github://RobinLinde/esphome-config/device_base_mqtt.yaml@main"
  default_sensors: "github://RobinLinde/esphome-config/common/sensor/default.yaml@main"
  default_text_sensors: "github://RobinLinde/esphome-config/common/text_sensor/default.yaml@main"
  default_button: "github://RobinLinde/esphome-config/common/button/default.yaml@main"

esphome:
  name: ${devicename}
  on_boot:
    priority: 500.0
    then:
      - light.turn_on:
          id: light_ring
          brightness: 100%
          effect: Sync

esp32:
  board: esp32dev

light:
  - platform: neopixelbus
    id: light_ring
    name: "${friendly_name} Ring"
    variant: ws2813
    num_leds: ${num_leds}
    pin: GPIO2
    effects:
      - addressable_lambda:
          !include ../../common/light_effect/clock.yaml
      - addressable_scan:
          name: Sync
          move_interval: 100ms
          scan_width: 1
      - addressable_rainbow: 
          name: Rainbow
          width: 60
      - addressable_color_wipe:

  - platform: rgb
    id: seconds_hand
    name: "${friendly_name} Seconds Hand"
    icon: mdi:update
    entity_category: "config"
    red: sh_r
    green: sh_g
    blue: sh_b
    restore_mode: RESTORE_AND_ON
  
  - platform: rgb
    id: indicators
    name: "${friendly_name} Indicators"
    icon: mdi:progress-clock
    entity_category: "config"
    red: i_r
    green: i_g
    blue: i_b
    restore_mode: RESTORE_AND_ON

time:
  - platform: sntp
    id: sntp_time
    timezone: Europe/Amsterdam
    on_time_sync:
      if:
        condition:
          sensor.in_range:
            id: uptime_sensor
            below: 60
        then:
        - light.turn_on:
            id: light_ring
            effect: Clock

switch:
  - platform: template
    name: "${friendly_name} Wide Hour Indicator"
    icon: mdi:clock-outline
    id: wide_hour_indicator
    optimistic: True
    entity_category: "config"
    restore_mode: RESTORE_DEFAULT_OFF

output:
  - platform: template
    id: sh_r
    type: float
    write_action: 
      then:
        - lambda: |-
            id(clock_seconds_color_r) = state;
  - platform: template
    id: sh_g
    type: float
    write_action: 
      then:
        - lambda: |-
            id(clock_seconds_color_g) = state;
  - platform: template
    id: sh_b
    type: float
    write_action: 
      then:
        - lambda: |-
            id(clock_seconds_color_b) = state;
  - platform: template
    id: i_r
    type: float
    write_action: 
      then:
        - lambda: |-
            id(clock_indicators_color_r) = state;
  - platform: template
    id: i_g
    type: float
    write_action: 
      then:
        - lambda: |-
            id(clock_indicators_color_g) = state;
  - platform: template
    id: i_b
    type: float
    write_action: 
      then:
        - lambda: |-
            id(clock_indicators_color_b) = state;

globals:
  - id: clock_brightness
    type: int
    restore_value: yes
    initial_value: "255"

  - id: clock_seconds_color_r
    type: float
    restore_value: yes
    initial_value: "0"
  - id: clock_seconds_color_g
    type: float
    restore_value: yes
    initial_value: "0"
  - id: clock_seconds_color_b
    type: float
    restore_value: yes
    initial_value: "1"

  - id: clock_indicators_color_r
    type: float
    restore_value: yes
    initial_value: "0"

  - id: clock_indicators_color_g
    type: float
    restore_value: yes
    initial_value: "0"
  - id: clock_indicators_color_b
    type: float
    restore_value: yes
    initial_value: "1"

  - id: mc_last_changesets
    type: int
    restore_value: yes
    initial_value: "0"
